<?xml version="1.0" encoding="utf-8"?>
<Project ToolsVersion="4.0" xmlns="http://schemas.microsoft.com/developer/msbuild/2003">
  <ItemGroup>
    <Filter Include="Archivos de origen">
      <UniqueIdentifier>{4FC737F1-C7A5-4376-A066-2A32D752A2FF}</UniqueIdentifier>
      <Extensions>cpp;c;cc;cxx;c++;cppm;ixx;def;odl;idl;hpj;bat;asm;asmx</Extensions>
    </Filter>
    <Filter Include="Archivos de encabezado">
      <UniqueIdentifier>{93995380-89BD-4b04-88EB-625FBE52EBFB}</UniqueIdentifier>
      <Extensions>h;hh;hpp;hxx;h++;hm;inl;inc;ipp;xsd</Extensions>
    </Filter>
    <Filter Include="Archivos de recursos">
      <UniqueIdentifier>{67DA6AB6-F800-4c08-8B7A-83BB121AAD01}</UniqueIdentifier>
      <Extensions>rc;ico;cur;bmp;dlg;rc2;rct;bin;rgs;gif;jpg;jpeg;jpe;resx;tiff;tif;png;wav;mfcribbon-ms</Extensions>
    </Filter>
  </ItemGroup>
  <ItemGroup>
    <ClCompile Include="ex01_suma.c">
      <Filter>Archivos de origen</Filter>
    </ClCompile>
    <ClCompile Include="ex02_promedio_tres.c">
      <Filter>Archivos de origen</Filter>
    </ClCompile>
    <ClCompile Include="ex03_circunferencia.c">
      <Filter>Archivos de origen</Filter>
    </ClCompile>
    <ClCompile Include="ex04_par_impar.c">
      <Filter>Archivos de origen</Filter>
    </ClCompile>
    <ClCompile Include="ex05_max_de_dos.c">
      <Filter>Archivos de origen</Filter>
    </ClCompile>
    <ClCompile Include="ex06_area_triangulo.c">
      <Filter>Archivos de origen</Filter>
    </ClCompile>
    <ClCompile Include="ex07_diferencia_absoluta.c">
      <Filter>Archivos de origen</Filter>
    </ClCompile>
    <ClCompile Include="ex08_max_de_tres.c">
      <Filter>Archivos de origen</Filter>
    </ClCompile>
    <ClCompile Include="ex09_calc_promedio.c">
      <Filter>Archivos de origen</Filter>
    </ClCompile>
    <ClCompile Include="ex10_celsius_a_fahrenheit.c">
      <Filter>Archivos de origen</Filter>
    </ClCompile>
    <ClCompile Include="ex11_km_a_m_cm.c">
      <Filter>Archivos de origen</Filter>
    </ClCompile>
    <ClCompile Include="ex12_kg_a_libras.c">
      <Filter>Archivos de origen</Filter>
    </ClCompile>
    <ClCompile Include="ex13_triangulo.c">
      <Filter>Archivos de origen</Filter>
    </ClCompile>
    <ClCompile Include="ex14_signo.c">
      <Filter>Archivos de origen</Filter>
    </ClCompile>
    <ClCompile Include="main.c">
      <Filter>Archivos de origen</Filter>
    </ClCompile>
    <ClCompile Include="ex15_tabla.c">
      <Filter>Archivos de origen</Filter>
    </ClCompile>
    <ClCompile Include="ex16_tabla_arco.c">
      <Filter>Archivos de origen</Filter>
    </ClCompile>
    <ClCompile Include="ex17_tabla_multiplicar.c">
      <Filter>Archivos de origen</Filter>
    </ClCompile>
    <ClCompile Include="ex18_polinomio.c">
      <Filter>Archivos de origen</Filter>
    </ClCompile>
    <ClCompile Include="ex19_hipotenusa.c">
      <Filter>Archivos de origen</Filter>
    </ClCompile>
    <ClCompile Include="ex20_calc_area_perimetro.c">
      <Filter>Archivos de origen</Filter>
    </ClCompile>
  </ItemGroup>
  <ItemGroup>
    <None Include=".gitignore" />
  </ItemGroup>
</Project>